
Microsoft Visual Studio Solution File, Format Version 12.00
# Visual Studio Version 17
VisualStudioVersion = 17.14.36518.9 d17.14
MinimumVisualStudioVersion = 10.0.40219.1
Project("{FAE04EC0-301F-11D3-BF4B-00C04F79EFBC}") = "ObjectDetectionApp", "ObjectDetectionApp.csproj", "{8EC74758-796E-C1B5-C555-723271843DC6}"
EndProject
Global
	GlobalSection(SolutionConfigurationPlatforms) = preSolution
		Debug|Any CPU = Debug|Any CPU
		Release|Any CPU = Release|Any CPU
	EndGlobalSection
	GlobalSection(ProjectConfigurationPlatforms) = postSolution
		{8EC74758-796E-C1B5-C555-723271843DC6}.Debug|Any CPU.ActiveCfg = Debug|Any CPU
		{8EC74758-796E-C1B5-C555-723271843DC6}.Debug|Any CPU.Build.0 = Debug|Any CPU
		{8EC74758-796E-C1B5-C555-723271843DC6}.Release|Any CPU.ActiveCfg = Release|Any CPU
		{8EC74758-796E-C1B5-C555-723271843DC6}.Release|Any CPU.Build.0 = Release|Any CPU
	EndGlobalSection
	GlobalSection(SolutionProperties) = preSolution
		HideSolutionNode = FALSE
	EndGlobalSection
	GlobalSection(ExtensibilityGlobals) = postSolution
		SolutionGuid = {32F7FF94-44DB-4390-AAA3-824846F1AEA6}
	EndGlobalSection
EndGlobal
